
Microsoft Visual Studio Solution File, Format Version 12.00
# Visual Studio Version 17
VisualStudioVersion = 17.1.32319.34
MinimumVisualStudioVersion = 10.0.40219.1
Project("{9A19103F-16F7-4668-BE54-9A1E7A4F7556}") = "ConsoleApp1", "ConsoleApp1\ConsoleApp1.csproj", "{B16814A7-DE86-4752-8253-3F7E8D1E666C}"
EndProject
Project("{9A19103F-16F7-4668-BE54-9A1E7A4F7556}") = "WpfApp1", "WpfApp1\WpfApp1.csproj", "{8B5421C9-82EB-460B-89FC-68AC727ADFD9}"
EndProject
Project("{9A19103F-16F7-4668-BE54-9A1E7A4F7556}") = "WpfApp2", "WpfApp2\WpfApp2.csproj", "{F35C1B1E-AB09-4201-B480-0FB52414E581}"
EndProject
Project("{9A19103F-16F7-4668-BE54-9A1E7A4F7556}") = "Colors", "Colors\Colors.csproj", "{33FA5A97-B037-4E16-B2A1-007BF0DA14CA}"
EndProject
Project("{9A19103F-16F7-4668-BE54-9A1E7A4F7556}") = "DataBinding", "DataBinding\DataBinding.csproj", "{D66BC776-6946-43E7-A5EC-A018A17CF73D}"
EndProject
Project("{9A19103F-16F7-4668-BE54-9A1E7A4F7556}") = "DataContext", "DataContext\DataContext.csproj", "{D9B410A3-A100-46D9-B409-8253BA9585A7}"
EndProject
Project("{9A19103F-16F7-4668-BE54-9A1E7A4F7556}") = "DataBinding.DataContextSample", "DataBinding.DataContextSample\DataBinding.DataContextSample.csproj", "{649E6FD9-F305-4A5F-83D6-C3B03F7C1F5C}"
EndProject
Project("{9A19103F-16F7-4668-BE54-9A1E7A4F7556}") = "MasterDetailDemo", "MasterDetailDemo\MasterDetailDemo.csproj", "{46A14BD2-4C38-4DC8-B2FD-5A4A533CBA62}"
EndProject
Project("{9A19103F-16F7-4668-BE54-9A1E7A4F7556}") = "WPF_DateTime_Demo", "WPF_DateTime_Demo\WPF_DateTime_Demo.csproj", "{9DCAB373-9187-413E-B25F-E2538D9F633D}"
EndProject
Project("{9A19103F-16F7-4668-BE54-9A1E7A4F7556}") = "CustomStringFormatting", "CustomStringFormatting\CustomStringFormatting.csproj", "{3747F05B-E158-478D-A4B1-4B94DD63A671}"
EndProject
Project("{9A19103F-16F7-4668-BE54-9A1E7A4F7556}") = "WPF_ValueConverters", "WPF_ValueConverters\WPF_ValueConverters\WPF_ValueConverters.csproj", "{C899F362-70D1-43EC-86F5-DA3B779E1D22}"
EndProject
Project("{9A19103F-16F7-4668-BE54-9A1E7A4F7556}") = "WPF_MultiValueConverters", "WPF_MultiValueConverters\WPF_MultiValueConverters.csproj", "{C42D7025-0B7B-4A95-BD4E-ED25F75FD4F0}"
EndProject
Project("{9A19103F-16F7-4668-BE54-9A1E7A4F7556}") = "WPF_XMLDataProvider_Demo", "WPF_XMLDataProvider_Demo\WPF_XMLDataProvider_Demo.csproj", "{3D0D399C-33D6-4D1E-899B-6E23433E9FD9}"
EndProject
Project("{9A19103F-16F7-4668-BE54-9A1E7A4F7556}") = "Triggers", "Triggers\Triggers\Triggers.csproj", "{7AAC8AE3-BE9B-4093-B0F9-87379F6D9561}"
EndProject
Project("{FAE04EC0-301F-11D3-BF4B-00C04F79EFBC}") = "DoupleAnimation", "DoupleAnimation\DoupleAnimation.csproj", "{194E55D6-F6B9-4806-B268-E020330B92E7}"
EndProject
Project("{FAE04EC0-301F-11D3-BF4B-00C04F79EFBC}") = "WPF_ToastNotificationDemo", "WPF_ToastNotificationDemo\WPF_ToastNotificationDemo.csproj", "{660FF05B-5546-41BE-A3DD-BC85F3D27AF3}"
EndProject
Global
	GlobalSection(SolutionConfigurationPlatforms) = preSolution
		Debug|Any CPU = Debug|Any CPU
		Release|Any CPU = Release|Any CPU
	EndGlobalSection
	GlobalSection(ProjectConfigurationPlatforms) = postSolution
		{B16814A7-DE86-4752-8253-3F7E8D1E666C}.Debug|Any CPU.ActiveCfg = Debug|Any CPU
		{B16814A7-DE86-4752-8253-3F7E8D1E666C}.Debug|Any CPU.Build.0 = Debug|Any CPU
		{B16814A7-DE86-4752-8253-3F7E8D1E666C}.Release|Any CPU.ActiveCfg = Release|Any CPU
		{B16814A7-DE86-4752-8253-3F7E8D1E666C}.Release|Any CPU.Build.0 = Release|Any CPU
		{8B5421C9-82EB-460B-89FC-68AC727ADFD9}.Debug|Any CPU.ActiveCfg = Debug|Any CPU
		{8B5421C9-82EB-460B-89FC-68AC727ADFD9}.Debug|Any CPU.Build.0 = Debug|Any CPU
		{8B5421C9-82EB-460B-89FC-68AC727ADFD9}.Release|Any CPU.ActiveCfg = Release|Any CPU
		{8B5421C9-82EB-460B-89FC-68AC727ADFD9}.Release|Any CPU.Build.0 = Release|Any CPU
		{F35C1B1E-AB09-4201-B480-0FB52414E581}.Debug|Any CPU.ActiveCfg = Debug|Any CPU
		{F35C1B1E-AB09-4201-B480-0FB52414E581}.Debug|Any CPU.Build.0 = Debug|Any CPU
		{F35C1B1E-AB09-4201-B480-0FB52414E581}.Release|Any CPU.ActiveCfg = Release|Any CPU
		{F35C1B1E-AB09-4201-B480-0FB52414E581}.Release|Any CPU.Build.0 = Release|Any CPU
		{33FA5A97-B037-4E16-B2A1-007BF0DA14CA}.Debug|Any CPU.ActiveCfg = Debug|Any CPU
		{33FA5A97-B037-4E16-B2A1-007BF0DA14CA}.Debug|Any CPU.Build.0 = Debug|Any CPU
		{33FA5A97-B037-4E16-B2A1-007BF0DA14CA}.Release|Any CPU.ActiveCfg = Release|Any CPU
		{33FA5A97-B037-4E16-B2A1-007BF0DA14CA}.Release|Any CPU.Build.0 = Release|Any CPU
		{D66BC776-6946-43E7-A5EC-A018A17CF73D}.Debug|Any CPU.ActiveCfg = Debug|Any CPU
		{D66BC776-6946-43E7-A5EC-A018A17CF73D}.Debug|Any CPU.Build.0 = Debug|Any CPU
		{D66BC776-6946-43E7-A5EC-A018A17CF73D}.Release|Any CPU.ActiveCfg = Release|Any CPU
		{D66BC776-6946-43E7-A5EC-A018A17CF73D}.Release|Any CPU.Build.0 = Release|Any CPU
		{D9B410A3-A100-46D9-B409-8253BA9585A7}.Debug|Any CPU.ActiveCfg = Debug|Any CPU
		{D9B410A3-A100-46D9-B409-8253BA9585A7}.Debug|Any CPU.Build.0 = Debug|Any CPU
		{D9B410A3-A100-46D9-B409-8253BA9585A7}.Release|Any CPU.ActiveCfg = Release|Any CPU
		{D9B410A3-A100-46D9-B409-8253BA9585A7}.Release|Any CPU.Build.0 = Release|Any CPU
		{649E6FD9-F305-4A5F-83D6-C3B03F7C1F5C}.Debug|Any CPU.ActiveCfg = Debug|Any CPU
		{649E6FD9-F305-4A5F-83D6-C3B03F7C1F5C}.Debug|Any CPU.Build.0 = Debug|Any CPU
		{649E6FD9-F305-4A5F-83D6-C3B03F7C1F5C}.Release|Any CPU.ActiveCfg = Release|Any CPU
		{649E6FD9-F305-4A5F-83D6-C3B03F7C1F5C}.Release|Any CPU.Build.0 = Release|Any CPU
		{46A14BD2-4C38-4DC8-B2FD-5A4A533CBA62}.Debug|Any CPU.ActiveCfg = Debug|Any CPU
		{46A14BD2-4C38-4DC8-B2FD-5A4A533CBA62}.Debug|Any CPU.Build.0 = Debug|Any CPU
		{46A14BD2-4C38-4DC8-B2FD-5A4A533CBA62}.Release|Any CPU.ActiveCfg = Release|Any CPU
		{46A14BD2-4C38-4DC8-B2FD-5A4A533CBA62}.Release|Any CPU.Build.0 = Release|Any CPU
		{9DCAB373-9187-413E-B25F-E2538D9F633D}.Debug|Any CPU.ActiveCfg = Debug|Any CPU
		{9DCAB373-9187-413E-B25F-E2538D9F633D}.Debug|Any CPU.Build.0 = Debug|Any CPU
		{9DCAB373-9187-413E-B25F-E2538D9F633D}.Release|Any CPU.ActiveCfg = Release|Any CPU
		{9DCAB373-9187-413E-B25F-E2538D9F633D}.Release|Any CPU.Build.0 = Release|Any CPU
		{3747F05B-E158-478D-A4B1-4B94DD63A671}.Debug|Any CPU.ActiveCfg = Debug|Any CPU
		{3747F05B-E158-478D-A4B1-4B94DD63A671}.Debug|Any CPU.Build.0 = Debug|Any CPU
		{3747F05B-E158-478D-A4B1-4B94DD63A671}.Release|Any CPU.ActiveCfg = Release|Any CPU
		{3747F05B-E158-478D-A4B1-4B94DD63A671}.Release|Any CPU.Build.0 = Release|Any CPU
		{C899F362-70D1-43EC-86F5-DA3B779E1D22}.Debug|Any CPU.ActiveCfg = Debug|Any CPU
		{C899F362-70D1-43EC-86F5-DA3B779E1D22}.Debug|Any CPU.Build.0 = Debug|Any CPU
		{C899F362-70D1-43EC-86F5-DA3B779E1D22}.Release|Any CPU.ActiveCfg = Release|Any CPU
		{C899F362-70D1-43EC-86F5-DA3B779E1D22}.Release|Any CPU.Build.0 = Release|Any CPU
		{C42D7025-0B7B-4A95-BD4E-ED25F75FD4F0}.Debug|Any CPU.ActiveCfg = Debug|Any CPU
		{C42D7025-0B7B-4A95-BD4E-ED25F75FD4F0}.Debug|Any CPU.Build.0 = Debug|Any CPU
		{C42D7025-0B7B-4A95-BD4E-ED25F75FD4F0}.Release|Any CPU.ActiveCfg = Release|Any CPU
		{C42D7025-0B7B-4A95-BD4E-ED25F75FD4F0}.Release|Any CPU.Build.0 = Release|Any CPU
		{3D0D399C-33D6-4D1E-899B-6E23433E9FD9}.Debug|Any CPU.ActiveCfg = Debug|Any CPU
		{3D0D399C-33D6-4D1E-899B-6E23433E9FD9}.Debug|Any CPU.Build.0 = Debug|Any CPU
		{3D0D399C-33D6-4D1E-899B-6E23433E9FD9}.Release|Any CPU.ActiveCfg = Release|Any CPU
		{3D0D399C-33D6-4D1E-899B-6E23433E9FD9}.Release|Any CPU.Build.0 = Release|Any CPU
		{7AAC8AE3-BE9B-4093-B0F9-87379F6D9561}.Debug|Any CPU.ActiveCfg = Debug|Any CPU
		{7AAC8AE3-BE9B-4093-B0F9-87379F6D9561}.Debug|Any CPU.Build.0 = Debug|Any CPU
		{7AAC8AE3-BE9B-4093-B0F9-87379F6D9561}.Release|Any CPU.ActiveCfg = Release|Any CPU
		{7AAC8AE3-BE9B-4093-B0F9-87379F6D9561}.Release|Any CPU.Build.0 = Release|Any CPU
		{194E55D6-F6B9-4806-B268-E020330B92E7}.Debug|Any CPU.ActiveCfg = Debug|Any CPU
		{194E55D6-F6B9-4806-B268-E020330B92E7}.Debug|Any CPU.Build.0 = Debug|Any CPU
		{194E55D6-F6B9-4806-B268-E020330B92E7}.Release|Any CPU.ActiveCfg = Release|Any CPU
		{194E55D6-F6B9-4806-B268-E020330B92E7}.Release|Any CPU.Build.0 = Release|Any CPU
		{660FF05B-5546-41BE-A3DD-BC85F3D27AF3}.Debug|Any CPU.ActiveCfg = Debug|Any CPU
		{660FF05B-5546-41BE-A3DD-BC85F3D27AF3}.Debug|Any CPU.Build.0 = Debug|Any CPU
		{660FF05B-5546-41BE-A3DD-BC85F3D27AF3}.Release|Any CPU.ActiveCfg = Release|Any CPU
		{660FF05B-5546-41BE-A3DD-BC85F3D27AF3}.Release|Any CPU.Build.0 = Release|Any CPU
	EndGlobalSection
	GlobalSection(SolutionProperties) = preSolution
		HideSolutionNode = FALSE
	EndGlobalSection
	GlobalSection(ExtensibilityGlobals) = postSolution
		SolutionGuid = {37E4DD31-1BFF-49DC-BA37-094AE41179BB}
	EndGlobalSection
EndGlobal
