
Microsoft Visual Studio Solution File, Format Version 12.00
# Visual Studio Version 17
VisualStudioVersion = 17.1.32319.34
MinimumVisualStudioVersion = 10.0.40219.1
Project("{9A19103F-16F7-4668-BE54-9A1E7A4F7556}") = "ThreadSample", "ConsoleApp1\ThreadSample.csproj", "{B16814A7-DE86-4752-8253-3F7E8D1E666C}"
EndProject
Project("{9A19103F-16F7-4668-BE54-9A1E7A4F7556}") = "CircleProgress", "WpfApp1\CircleProgress.csproj", "{8B5421C9-82EB-460B-89FC-68AC727ADFD9}"
EndProject
Project("{9A19103F-16F7-4668-BE54-9A1E7A4F7556}") = "ResourceDictionary", "WpfApp2\ResourceDictionary.csproj", "{F35C1B1E-AB09-4201-B480-0FB52414E581}"
EndProject
Project("{9A19103F-16F7-4668-BE54-9A1E7A4F7556}") = "Colors", "Colors\Colors.csproj", "{33FA5A97-B037-4E16-B2A1-007BF0DA14CA}"
EndProject
Project("{9A19103F-16F7-4668-BE54-9A1E7A4F7556}") = "DataBinding", "DataBinding\DataBinding.csproj", "{D66BC776-6946-43E7-A5EC-A018A17CF73D}"
EndProject
Project("{9A19103F-16F7-4668-BE54-9A1E7A4F7556}") = "DataContext", "DataContext\DataContext.csproj", "{D9B410A3-A100-46D9-B409-8253BA9585A7}"
EndProject
Project("{9A19103F-16F7-4668-BE54-9A1E7A4F7556}") = "DataBinding.DataContextSample", "DataBinding.DataContextSample\DataBinding.DataContextSample.csproj", "{649E6FD9-F305-4A5F-83D6-C3B03F7C1F5C}"
EndProject
Project("{9A19103F-16F7-4668-BE54-9A1E7A4F7556}") = "MasterDetailDemo", "MasterDetailDemo\MasterDetailDemo.csproj", "{46A14BD2-4C38-4DC8-B2FD-5A4A533CBA62}"
EndProject
Project("{9A19103F-16F7-4668-BE54-9A1E7A4F7556}") = "WPF_DateTime_Demo", "WPF_DateTime_Demo\WPF_DateTime_Demo.csproj", "{9DCAB373-9187-413E-B25F-E2538D9F633D}"
EndProject
Project("{9A19103F-16F7-4668-BE54-9A1E7A4F7556}") = "CustomStringFormatting", "CustomStringFormatting\CustomStringFormatting.csproj", "{3747F05B-E158-478D-A4B1-4B94DD63A671}"
EndProject
Project("{9A19103F-16F7-4668-BE54-9A1E7A4F7556}") = "WPF_ValueConverters", "WPF_ValueConverters\WPF_ValueConverters\WPF_ValueConverters.csproj", "{C899F362-70D1-43EC-86F5-DA3B779E1D22}"
EndProject
Project("{9A19103F-16F7-4668-BE54-9A1E7A4F7556}") = "WPF_MultiValueConverters", "WPF_MultiValueConverters\WPF_MultiValueConverters.csproj", "{C42D7025-0B7B-4A95-BD4E-ED25F75FD4F0}"
EndProject
Project("{9A19103F-16F7-4668-BE54-9A1E7A4F7556}") = "WPF_XMLDataProvider_Demo", "WPF_XMLDataProvider_Demo\WPF_XMLDataProvider_Demo.csproj", "{3D0D399C-33D6-4D1E-899B-6E23433E9FD9}"
EndProject
Project("{9A19103F-16F7-4668-BE54-9A1E7A4F7556}") = "Triggers", "Triggers\Triggers\Triggers.csproj", "{7AAC8AE3-BE9B-4093-B0F9-87379F6D9561}"
EndProject
Project("{9A19103F-16F7-4668-BE54-9A1E7A4F7556}") = "DoupleAnimation", "DoupleAnimation\DoupleAnimation.csproj", "{194E55D6-F6B9-4806-B268-E020330B92E7}"
EndProject
Project("{9A19103F-16F7-4668-BE54-9A1E7A4F7556}") = "WPF_ToastNotificationDemo", "WPF_ToastNotificationDemo\WPF_ToastNotificationDemo.csproj", "{660FF05B-5546-41BE-A3DD-BC85F3D27AF3}"
EndProject
Project("{9A19103F-16F7-4668-BE54-9A1E7A4F7556}") = "WPF_MultiLingual_AppDemo", "WPF_MultiLingual_AppDemo\WPF_MultiLingual_AppDemo.csproj", "{47F3AF15-DEC1-440A-BEFF-D23D8B55E33C}"
EndProject
Project("{9A19103F-16F7-4668-BE54-9A1E7A4F7556}") = "WPF_ObjectDataProvider", "WPF_ObjectDataProvider\WPF_ObjectDataProvider.csproj", "{45E2A3E0-9543-4DAA-90B7-E32F416806C0}"
EndProject
Project("{9A19103F-16F7-4668-BE54-9A1E7A4F7556}") = "MovieRatings", "MovieRatings\MovieRatings.csproj", "{6787D9B1-6415-4DCC-8023-87D99AC6D7EE}"
EndProject
Project("{9A19103F-16F7-4668-BE54-9A1E7A4F7556}") = "BarChartDemo", "BarChartDemo\BarChartDemo.csproj", "{265F4123-A55F-456D-A85E-9ABDC1094610}"
EndProject
Project("{9A19103F-16F7-4668-BE54-9A1E7A4F7556}") = "WPF_Layout_Grid", "WPF_Layout_Grid\WPF_Layout_Grid.csproj", "{83E285A8-D69D-4950-9550-4228B6F61763}"
EndProject
Project("{9A19103F-16F7-4668-BE54-9A1E7A4F7556}") = "WPF_Layout_StackPanel", "WPF_Layout_StackPanel\WPF_Layout_StackPanel.csproj", "{50B138F0-C481-44FD-842D-62260AC503BF}"
EndProject
Project("{9A19103F-16F7-4668-BE54-9A1E7A4F7556}") = "WPF_Layout_WrapPanel", "WPF_Layout_WrapPanel\WPF_Layout_WrapPanel.csproj", "{4F545B7A-CAC5-4F1C-B42D-0E1B8B2D736D}"
EndProject
Project("{9A19103F-16F7-4668-BE54-9A1E7A4F7556}") = "WPF_Layout_DockPanel", "WPF_Layout_DockPanel\WPF_Layout_DockPanel.csproj", "{91B0067A-38CE-4DF2-97BE-4D434977FA72}"
EndProject
Project("{9A19103F-16F7-4668-BE54-9A1E7A4F7556}") = "WPF_Layout_Canvas", "WPF_Layout_Canvas\WPF_Layout_Canvas.csproj", "{823C1125-ADD3-4DEF-A6F3-48D7E384B4CA}"
EndProject
Project("{9A19103F-16F7-4668-BE54-9A1E7A4F7556}") = "WPF_Controls_GroupBox", "WPF_Controls_GroupBox\WPF_Controls_GroupBox.csproj", "{0E1FED4E-3A70-4224-AF26-A797F207641D}"
EndProject
Project("{9A19103F-16F7-4668-BE54-9A1E7A4F7556}") = "WPF_Controls_Slider", "WPF_Controls_Slider\WPF_Controls_Slider.csproj", "{57EA36AC-EED4-4FB7-BFB9-759DD3CE9B42}"
EndProject
Project("{9A19103F-16F7-4668-BE54-9A1E7A4F7556}") = "WPF_ScrollViewer", "WPF_ScrollViewer\WPF_ScrollViewer.csproj", "{D7105DF5-217F-47A0-A541-431CC34BEBF8}"
EndProject
Project("{9A19103F-16F7-4668-BE54-9A1E7A4F7556}") = "WPF_CalcDemo", "WPF_CalcDemo\WPF_CalcDemo.csproj", "{DB02F88C-BABD-44A9-A4F1-AC98F31D0D33}"
EndProject
Project("{9A19103F-16F7-4668-BE54-9A1E7A4F7556}") = "WPF_Calendar", "WPF_Calendar\WPF_Calendar.csproj", "{683999DA-CB2A-4F3C-A73F-03421C45E92F}"
EndProject
Project("{9A19103F-16F7-4668-BE54-9A1E7A4F7556}") = "WPF_DataPicker", "WPF_DataPicker\WPF_DataPicker.csproj", "{238E10FC-A41D-4142-81FC-3EEA17879CFD}"
EndProject
Project("{9A19103F-16F7-4668-BE54-9A1E7A4F7556}") = "WPF_ToolTip", "WPF_ToolTip\WPF_ToolTip.csproj", "{114B2792-3889-4077-8CB1-EE9CECA1D6D9}"
EndProject
Project("{9A19103F-16F7-4668-BE54-9A1E7A4F7556}") = "WPF_ProgressBar", "WPF_ProgressBar\WPF_ProgressBar.csproj", "{A6560FCC-4FF5-4C35-BF4D-DA527CBBCFA5}"
EndProject
Project("{9A19103F-16F7-4668-BE54-9A1E7A4F7556}") = "WPF_StartusBar", "WPF_StartusBar\WPF_StartusBar.csproj", "{C75773B9-AF40-429B-8CD6-1B7C19B08FA6}"
EndProject
Project("{9A19103F-16F7-4668-BE54-9A1E7A4F7556}") = "WPF_TabControl", "WPF_TabControl\WPF_TabControl.csproj", "{85F067F1-76E4-4565-82CC-44B5E31DEB4D}"
EndProject
Project("{9A19103F-16F7-4668-BE54-9A1E7A4F7556}") = "WPF_ToolBar", "WPF_ToolBar\WPF_ToolBar.csproj", "{1733700C-F191-48FA-8B19-BA4C7078C16B}"
EndProject
Project("{9A19103F-16F7-4668-BE54-9A1E7A4F7556}") = "WPF_Viewbox", "WPF_Viewbox\WPF_Viewbox.csproj", "{FE6C4E59-9371-42C6-B663-7CC82FD1BD88}"
EndProject
Project("{9A19103F-16F7-4668-BE54-9A1E7A4F7556}") = "WPF_CircleProgressBar", "WPF_CirleProgressBar\WPF_CircleProgressBar.csproj", "{884E6104-2584-4B69-9DF9-3029D03ACCB8}"
EndProject
Project("{9A19103F-16F7-4668-BE54-9A1E7A4F7556}") = "WPF_Menu", "WPF_Menu\WPF_Menu.csproj", "{1AC5C27F-C951-4D00-9766-0BCC8DE7361C}"
EndProject
Project("{9A19103F-16F7-4668-BE54-9A1E7A4F7556}") = "Wpf_ListBox", "Wpf——ListBox\Wpf_ListBox.csproj", "{82F3524D-501D-49F4-94D3-0D280B4D663A}"
EndProject
Project("{9A19103F-16F7-4668-BE54-9A1E7A4F7556}") = "WPF_Lable", "WPF_Lable\WPF_Lable.csproj", "{70121552-DD7D-4986-AB07-2772E7DDAA7F}"
EndProject
Project("{9A19103F-16F7-4668-BE54-9A1E7A4F7556}") = "WPF_CheckBox", "WPF_CheckBox\WPF_CheckBox.csproj", "{73133FA0-DE25-450A-8BFF-401E4F3B4D3A}"
EndProject
Project("{9A19103F-16F7-4668-BE54-9A1E7A4F7556}") = "WPF_RadioButton", "WPF_RadioButton\WPF_RadioButton.csproj", "{6D89FEC6-D26C-4E60-9723-313C98D23F2E}"
EndProject
Project("{9A19103F-16F7-4668-BE54-9A1E7A4F7556}") = "WPF_TextBox", "WPF_TextBox\WPF_TextBox.csproj", "{BA837830-8CA2-4273-9195-D14D3113FC8C}"
EndProject
Project("{9A19103F-16F7-4668-BE54-9A1E7A4F7556}") = "WPF_Datagrid", "WPF_Datagrid\WPF_Datagrid.csproj", "{DCE94795-EB78-43FE-B9BF-72DF918538FB}"
EndProject
Project("{9A19103F-16F7-4668-BE54-9A1E7A4F7556}") = "WPF_CustomDataGrid", "WPF_CustomDataGrid\WPF_CustomDataGrid.csproj", "{029C9603-38B8-44E7-B73F-2CCB814B861D}"
EndProject
Project("{9A19103F-16F7-4668-BE54-9A1E7A4F7556}") = "WPF_CustomDataGridPart5", "WPF_CustomDataGridPart5\WPF_CustomDataGridPart5.csproj", "{73A8639E-32D9-43B8-AA09-69A9077B1354}"
EndProject
Project("{9A19103F-16F7-4668-BE54-9A1E7A4F7556}") = "WPF_DATAGRID7", "WPF_DATAGRID7\WPF_DATAGRID7.csproj", "{7756DF0F-775E-4CD0-A291-458ABAC2E000}"
EndProject
Project("{9A19103F-16F7-4668-BE54-9A1E7A4F7556}") = "WPF_ListView", "WPF_ListView\WPF_ListView.csproj", "{043714D6-7079-45B5-A6D9-872E93A5DE68}"
EndProject
Project("{9A19103F-16F7-4668-BE54-9A1E7A4F7556}") = "WPF_ControlTemplate", "WPF_ControlTemplate\WPF_ControlTemplate.csproj", "{F8A134CD-DEFC-4B99-9059-1674A1F3529E}"
EndProject
Project("{9A19103F-16F7-4668-BE54-9A1E7A4F7556}") = "WPF_DataTemplate", "WPF_DataTemplate\WPF_DataTemplate.csproj", "{CCC60DD5-B7B3-48C7-9021-069A80AF363A}"
EndProject
Project("{9A19103F-16F7-4668-BE54-9A1E7A4F7556}") = "WPF_TreeView", "WPF_TreeView\WPF_TreeView.csproj", "{81D4EE90-E6E7-4D12-923F-23F4459E205D}"
EndProject
Project("{9A19103F-16F7-4668-BE54-9A1E7A4F7556}") = "WPF_TreeView02", "WPF_TreeView02\WPF_TreeView02.csproj", "{FB2EB6AA-0385-40EA-862F-EDC5A3C7CF4A}"
EndProject
Project("{9A19103F-16F7-4668-BE54-9A1E7A4F7556}") = "WPF_TreeView3", "WPF_TreeView3\WPF_TreeView3.csproj", "{31BFCDC6-A842-4CEA-8E42-27ECCB629C4F}"
EndProject
Project("{9A19103F-16F7-4668-BE54-9A1E7A4F7556}") = "WPF_MoveShapeWithMouse", "WPF_MoveShapeWithMouse\WPF_MoveShapeWithMouse.csproj", "{CC408BE8-29BF-42A2-9322-6E3610A93D70}"
EndProject
Project("{9A19103F-16F7-4668-BE54-9A1E7A4F7556}") = "WPF_DrawPolygons", "WPF_DrawPolygons\WPF_DrawPolygons.csproj", "{C3033D5F-C301-4B90-878D-298EB653756B}"
EndProject
Project("{9A19103F-16F7-4668-BE54-9A1E7A4F7556}") = "WPF_GeometryGroup", "WPF_GeometryGroup\WPF_GeometryGroup.csproj", "{6127D567-EAD4-4273-979A-11EA4EA4361D}"
EndProject
Project("{9A19103F-16F7-4668-BE54-9A1E7A4F7556}") = "WPF_ToggleButton", "WPF_ToggleButton\WPF_ToggleButton.csproj", "{8F9361DA-3A54-4CD2-A87F-FCC2DB090678}"
EndProject
Project("{9A19103F-16F7-4668-BE54-9A1E7A4F7556}") = "WPF_RepeatButton", "WPF_RepeatButton\WPF_RepeatButton.csproj", "{7EC5B3B3-1939-4425-B752-5E67586829C9}"
EndProject
Project("{9A19103F-16F7-4668-BE54-9A1E7A4F7556}") = "WPF_MyCustomToggleBtn", "WPF_MyCustomToggleBtn\WPF_MyCustomToggleBtn.csproj", "{662D8C1F-308D-44D2-A9C0-2EC25FE90088}"
EndProject
Project("{9A19103F-16F7-4668-BE54-9A1E7A4F7556}") = "WPF_CustomControls", "WPF_CustomControls\WPF_CustomControls.csproj", "{2388FC94-D492-411C-A54B-D2BB23D9EF55}"
EndProject
Project("{9A19103F-16F7-4668-BE54-9A1E7A4F7556}") = "WPF_AnalogClock", "WPF_AnalogClock\WPF_AnalogClock.csproj", "{FD171B41-FD54-4183-828B-282A14901C28}"
EndProject
Project("{9A19103F-16F7-4668-BE54-9A1E7A4F7556}") = "WPF_MyCustomBarChart", "WPF_MyCustomBarChart\WPF_MyCustomBarChart.csproj", "{9FF69FBA-3352-4D6C-8537-07A78457BB2B}"
EndProject
Project("{FAE04EC0-301F-11D3-BF4B-00C04F79EFBC}") = "WPF_UserControl", "WPF_UserControl\WPF_UserControl.csproj", "{4229C5E1-D85E-4118-8B82-9B6BE62FFDDF}"
EndProject
Global
	GlobalSection(SolutionConfigurationPlatforms) = preSolution
		Debug|Any CPU = Debug|Any CPU
		Release|Any CPU = Release|Any CPU
	EndGlobalSection
	GlobalSection(ProjectConfigurationPlatforms) = postSolution
		{B16814A7-DE86-4752-8253-3F7E8D1E666C}.Debug|Any CPU.ActiveCfg = Debug|Any CPU
		{B16814A7-DE86-4752-8253-3F7E8D1E666C}.Debug|Any CPU.Build.0 = Debug|Any CPU
		{B16814A7-DE86-4752-8253-3F7E8D1E666C}.Release|Any CPU.ActiveCfg = Release|Any CPU
		{B16814A7-DE86-4752-8253-3F7E8D1E666C}.Release|Any CPU.Build.0 = Release|Any CPU
		{8B5421C9-82EB-460B-89FC-68AC727ADFD9}.Debug|Any CPU.ActiveCfg = Debug|Any CPU
		{8B5421C9-82EB-460B-89FC-68AC727ADFD9}.Debug|Any CPU.Build.0 = Debug|Any CPU
		{8B5421C9-82EB-460B-89FC-68AC727ADFD9}.Release|Any CPU.ActiveCfg = Release|Any CPU
		{8B5421C9-82EB-460B-89FC-68AC727ADFD9}.Release|Any CPU.Build.0 = Release|Any CPU
		{F35C1B1E-AB09-4201-B480-0FB52414E581}.Debug|Any CPU.ActiveCfg = Debug|Any CPU
		{F35C1B1E-AB09-4201-B480-0FB52414E581}.Debug|Any CPU.Build.0 = Debug|Any CPU
		{F35C1B1E-AB09-4201-B480-0FB52414E581}.Release|Any CPU.ActiveCfg = Release|Any CPU
		{F35C1B1E-AB09-4201-B480-0FB52414E581}.Release|Any CPU.Build.0 = Release|Any CPU
		{33FA5A97-B037-4E16-B2A1-007BF0DA14CA}.Debug|Any CPU.ActiveCfg = Debug|Any CPU
		{33FA5A97-B037-4E16-B2A1-007BF0DA14CA}.Debug|Any CPU.Build.0 = Debug|Any CPU
		{33FA5A97-B037-4E16-B2A1-007BF0DA14CA}.Release|Any CPU.ActiveCfg = Release|Any CPU
		{33FA5A97-B037-4E16-B2A1-007BF0DA14CA}.Release|Any CPU.Build.0 = Release|Any CPU
		{D66BC776-6946-43E7-A5EC-A018A17CF73D}.Debug|Any CPU.ActiveCfg = Debug|Any CPU
		{D66BC776-6946-43E7-A5EC-A018A17CF73D}.Debug|Any CPU.Build.0 = Debug|Any CPU
		{D66BC776-6946-43E7-A5EC-A018A17CF73D}.Release|Any CPU.ActiveCfg = Release|Any CPU
		{D66BC776-6946-43E7-A5EC-A018A17CF73D}.Release|Any CPU.Build.0 = Release|Any CPU
		{D9B410A3-A100-46D9-B409-8253BA9585A7}.Debug|Any CPU.ActiveCfg = Debug|Any CPU
		{D9B410A3-A100-46D9-B409-8253BA9585A7}.Debug|Any CPU.Build.0 = Debug|Any CPU
		{D9B410A3-A100-46D9-B409-8253BA9585A7}.Release|Any CPU.ActiveCfg = Release|Any CPU
		{D9B410A3-A100-46D9-B409-8253BA9585A7}.Release|Any CPU.Build.0 = Release|Any CPU
		{649E6FD9-F305-4A5F-83D6-C3B03F7C1F5C}.Debug|Any CPU.ActiveCfg = Debug|Any CPU
		{649E6FD9-F305-4A5F-83D6-C3B03F7C1F5C}.Debug|Any CPU.Build.0 = Debug|Any CPU
		{649E6FD9-F305-4A5F-83D6-C3B03F7C1F5C}.Release|Any CPU.ActiveCfg = Release|Any CPU
		{649E6FD9-F305-4A5F-83D6-C3B03F7C1F5C}.Release|Any CPU.Build.0 = Release|Any CPU
		{46A14BD2-4C38-4DC8-B2FD-5A4A533CBA62}.Debug|Any CPU.ActiveCfg = Debug|Any CPU
		{46A14BD2-4C38-4DC8-B2FD-5A4A533CBA62}.Debug|Any CPU.Build.0 = Debug|Any CPU
		{46A14BD2-4C38-4DC8-B2FD-5A4A533CBA62}.Release|Any CPU.ActiveCfg = Release|Any CPU
		{46A14BD2-4C38-4DC8-B2FD-5A4A533CBA62}.Release|Any CPU.Build.0 = Release|Any CPU
		{9DCAB373-9187-413E-B25F-E2538D9F633D}.Debug|Any CPU.ActiveCfg = Debug|Any CPU
		{9DCAB373-9187-413E-B25F-E2538D9F633D}.Debug|Any CPU.Build.0 = Debug|Any CPU
		{9DCAB373-9187-413E-B25F-E2538D9F633D}.Release|Any CPU.ActiveCfg = Release|Any CPU
		{9DCAB373-9187-413E-B25F-E2538D9F633D}.Release|Any CPU.Build.0 = Release|Any CPU
		{3747F05B-E158-478D-A4B1-4B94DD63A671}.Debug|Any CPU.ActiveCfg = Debug|Any CPU
		{3747F05B-E158-478D-A4B1-4B94DD63A671}.Debug|Any CPU.Build.0 = Debug|Any CPU
		{3747F05B-E158-478D-A4B1-4B94DD63A671}.Release|Any CPU.ActiveCfg = Release|Any CPU
		{3747F05B-E158-478D-A4B1-4B94DD63A671}.Release|Any CPU.Build.0 = Release|Any CPU
		{C899F362-70D1-43EC-86F5-DA3B779E1D22}.Debug|Any CPU.ActiveCfg = Debug|Any CPU
		{C899F362-70D1-43EC-86F5-DA3B779E1D22}.Debug|Any CPU.Build.0 = Debug|Any CPU
		{C899F362-70D1-43EC-86F5-DA3B779E1D22}.Release|Any CPU.ActiveCfg = Release|Any CPU
		{C899F362-70D1-43EC-86F5-DA3B779E1D22}.Release|Any CPU.Build.0 = Release|Any CPU
		{C42D7025-0B7B-4A95-BD4E-ED25F75FD4F0}.Debug|Any CPU.ActiveCfg = Debug|Any CPU
		{C42D7025-0B7B-4A95-BD4E-ED25F75FD4F0}.Debug|Any CPU.Build.0 = Debug|Any CPU
		{C42D7025-0B7B-4A95-BD4E-ED25F75FD4F0}.Release|Any CPU.ActiveCfg = Release|Any CPU
		{C42D7025-0B7B-4A95-BD4E-ED25F75FD4F0}.Release|Any CPU.Build.0 = Release|Any CPU
		{3D0D399C-33D6-4D1E-899B-6E23433E9FD9}.Debug|Any CPU.ActiveCfg = Debug|Any CPU
		{3D0D399C-33D6-4D1E-899B-6E23433E9FD9}.Debug|Any CPU.Build.0 = Debug|Any CPU
		{3D0D399C-33D6-4D1E-899B-6E23433E9FD9}.Release|Any CPU.ActiveCfg = Release|Any CPU
		{3D0D399C-33D6-4D1E-899B-6E23433E9FD9}.Release|Any CPU.Build.0 = Release|Any CPU
		{7AAC8AE3-BE9B-4093-B0F9-87379F6D9561}.Debug|Any CPU.ActiveCfg = Debug|Any CPU
		{7AAC8AE3-BE9B-4093-B0F9-87379F6D9561}.Debug|Any CPU.Build.0 = Debug|Any CPU
		{7AAC8AE3-BE9B-4093-B0F9-87379F6D9561}.Release|Any CPU.ActiveCfg = Release|Any CPU
		{7AAC8AE3-BE9B-4093-B0F9-87379F6D9561}.Release|Any CPU.Build.0 = Release|Any CPU
		{194E55D6-F6B9-4806-B268-E020330B92E7}.Debug|Any CPU.ActiveCfg = Debug|Any CPU
		{194E55D6-F6B9-4806-B268-E020330B92E7}.Debug|Any CPU.Build.0 = Debug|Any CPU
		{194E55D6-F6B9-4806-B268-E020330B92E7}.Release|Any CPU.ActiveCfg = Release|Any CPU
		{194E55D6-F6B9-4806-B268-E020330B92E7}.Release|Any CPU.Build.0 = Release|Any CPU
		{660FF05B-5546-41BE-A3DD-BC85F3D27AF3}.Debug|Any CPU.ActiveCfg = Debug|Any CPU
		{660FF05B-5546-41BE-A3DD-BC85F3D27AF3}.Debug|Any CPU.Build.0 = Debug|Any CPU
		{660FF05B-5546-41BE-A3DD-BC85F3D27AF3}.Release|Any CPU.ActiveCfg = Release|Any CPU
		{660FF05B-5546-41BE-A3DD-BC85F3D27AF3}.Release|Any CPU.Build.0 = Release|Any CPU
		{47F3AF15-DEC1-440A-BEFF-D23D8B55E33C}.Debug|Any CPU.ActiveCfg = Debug|Any CPU
		{47F3AF15-DEC1-440A-BEFF-D23D8B55E33C}.Debug|Any CPU.Build.0 = Debug|Any CPU
		{47F3AF15-DEC1-440A-BEFF-D23D8B55E33C}.Release|Any CPU.ActiveCfg = Release|Any CPU
		{47F3AF15-DEC1-440A-BEFF-D23D8B55E33C}.Release|Any CPU.Build.0 = Release|Any CPU
		{45E2A3E0-9543-4DAA-90B7-E32F416806C0}.Debug|Any CPU.ActiveCfg = Debug|Any CPU
		{45E2A3E0-9543-4DAA-90B7-E32F416806C0}.Debug|Any CPU.Build.0 = Debug|Any CPU
		{45E2A3E0-9543-4DAA-90B7-E32F416806C0}.Release|Any CPU.ActiveCfg = Release|Any CPU
		{45E2A3E0-9543-4DAA-90B7-E32F416806C0}.Release|Any CPU.Build.0 = Release|Any CPU
		{6787D9B1-6415-4DCC-8023-87D99AC6D7EE}.Debug|Any CPU.ActiveCfg = Debug|Any CPU
		{6787D9B1-6415-4DCC-8023-87D99AC6D7EE}.Debug|Any CPU.Build.0 = Debug|Any CPU
		{6787D9B1-6415-4DCC-8023-87D99AC6D7EE}.Release|Any CPU.ActiveCfg = Release|Any CPU
		{6787D9B1-6415-4DCC-8023-87D99AC6D7EE}.Release|Any CPU.Build.0 = Release|Any CPU
		{265F4123-A55F-456D-A85E-9ABDC1094610}.Debug|Any CPU.ActiveCfg = Debug|Any CPU
		{265F4123-A55F-456D-A85E-9ABDC1094610}.Debug|Any CPU.Build.0 = Debug|Any CPU
		{265F4123-A55F-456D-A85E-9ABDC1094610}.Release|Any CPU.ActiveCfg = Release|Any CPU
		{265F4123-A55F-456D-A85E-9ABDC1094610}.Release|Any CPU.Build.0 = Release|Any CPU
		{83E285A8-D69D-4950-9550-4228B6F61763}.Debug|Any CPU.ActiveCfg = Debug|Any CPU
		{83E285A8-D69D-4950-9550-4228B6F61763}.Debug|Any CPU.Build.0 = Debug|Any CPU
		{83E285A8-D69D-4950-9550-4228B6F61763}.Release|Any CPU.ActiveCfg = Release|Any CPU
		{83E285A8-D69D-4950-9550-4228B6F61763}.Release|Any CPU.Build.0 = Release|Any CPU
		{50B138F0-C481-44FD-842D-62260AC503BF}.Debug|Any CPU.ActiveCfg = Debug|Any CPU
		{50B138F0-C481-44FD-842D-62260AC503BF}.Debug|Any CPU.Build.0 = Debug|Any CPU
		{50B138F0-C481-44FD-842D-62260AC503BF}.Release|Any CPU.ActiveCfg = Release|Any CPU
		{50B138F0-C481-44FD-842D-62260AC503BF}.Release|Any CPU.Build.0 = Release|Any CPU
		{4F545B7A-CAC5-4F1C-B42D-0E1B8B2D736D}.Debug|Any CPU.ActiveCfg = Debug|Any CPU
		{4F545B7A-CAC5-4F1C-B42D-0E1B8B2D736D}.Debug|Any CPU.Build.0 = Debug|Any CPU
		{4F545B7A-CAC5-4F1C-B42D-0E1B8B2D736D}.Release|Any CPU.ActiveCfg = Release|Any CPU
		{4F545B7A-CAC5-4F1C-B42D-0E1B8B2D736D}.Release|Any CPU.Build.0 = Release|Any CPU
		{91B0067A-38CE-4DF2-97BE-4D434977FA72}.Debug|Any CPU.ActiveCfg = Debug|Any CPU
		{91B0067A-38CE-4DF2-97BE-4D434977FA72}.Debug|Any CPU.Build.0 = Debug|Any CPU
		{91B0067A-38CE-4DF2-97BE-4D434977FA72}.Release|Any CPU.ActiveCfg = Release|Any CPU
		{91B0067A-38CE-4DF2-97BE-4D434977FA72}.Release|Any CPU.Build.0 = Release|Any CPU
		{823C1125-ADD3-4DEF-A6F3-48D7E384B4CA}.Debug|Any CPU.ActiveCfg = Debug|Any CPU
		{823C1125-ADD3-4DEF-A6F3-48D7E384B4CA}.Debug|Any CPU.Build.0 = Debug|Any CPU
		{823C1125-ADD3-4DEF-A6F3-48D7E384B4CA}.Release|Any CPU.ActiveCfg = Release|Any CPU
		{823C1125-ADD3-4DEF-A6F3-48D7E384B4CA}.Release|Any CPU.Build.0 = Release|Any CPU
		{0E1FED4E-3A70-4224-AF26-A797F207641D}.Debug|Any CPU.ActiveCfg = Debug|Any CPU
		{0E1FED4E-3A70-4224-AF26-A797F207641D}.Debug|Any CPU.Build.0 = Debug|Any CPU
		{0E1FED4E-3A70-4224-AF26-A797F207641D}.Release|Any CPU.ActiveCfg = Release|Any CPU
		{0E1FED4E-3A70-4224-AF26-A797F207641D}.Release|Any CPU.Build.0 = Release|Any CPU
		{57EA36AC-EED4-4FB7-BFB9-759DD3CE9B42}.Debug|Any CPU.ActiveCfg = Debug|Any CPU
		{57EA36AC-EED4-4FB7-BFB9-759DD3CE9B42}.Debug|Any CPU.Build.0 = Debug|Any CPU
		{57EA36AC-EED4-4FB7-BFB9-759DD3CE9B42}.Release|Any CPU.ActiveCfg = Release|Any CPU
		{57EA36AC-EED4-4FB7-BFB9-759DD3CE9B42}.Release|Any CPU.Build.0 = Release|Any CPU
		{D7105DF5-217F-47A0-A541-431CC34BEBF8}.Debug|Any CPU.ActiveCfg = Debug|Any CPU
		{D7105DF5-217F-47A0-A541-431CC34BEBF8}.Debug|Any CPU.Build.0 = Debug|Any CPU
		{D7105DF5-217F-47A0-A541-431CC34BEBF8}.Release|Any CPU.ActiveCfg = Release|Any CPU
		{D7105DF5-217F-47A0-A541-431CC34BEBF8}.Release|Any CPU.Build.0 = Release|Any CPU
		{DB02F88C-BABD-44A9-A4F1-AC98F31D0D33}.Debug|Any CPU.ActiveCfg = Debug|Any CPU
		{DB02F88C-BABD-44A9-A4F1-AC98F31D0D33}.Debug|Any CPU.Build.0 = Debug|Any CPU
		{DB02F88C-BABD-44A9-A4F1-AC98F31D0D33}.Release|Any CPU.ActiveCfg = Release|Any CPU
		{DB02F88C-BABD-44A9-A4F1-AC98F31D0D33}.Release|Any CPU.Build.0 = Release|Any CPU
		{683999DA-CB2A-4F3C-A73F-03421C45E92F}.Debug|Any CPU.ActiveCfg = Debug|Any CPU
		{683999DA-CB2A-4F3C-A73F-03421C45E92F}.Debug|Any CPU.Build.0 = Debug|Any CPU
		{683999DA-CB2A-4F3C-A73F-03421C45E92F}.Release|Any CPU.ActiveCfg = Release|Any CPU
		{683999DA-CB2A-4F3C-A73F-03421C45E92F}.Release|Any CPU.Build.0 = Release|Any CPU
		{238E10FC-A41D-4142-81FC-3EEA17879CFD}.Debug|Any CPU.ActiveCfg = Debug|Any CPU
		{238E10FC-A41D-4142-81FC-3EEA17879CFD}.Debug|Any CPU.Build.0 = Debug|Any CPU
		{238E10FC-A41D-4142-81FC-3EEA17879CFD}.Release|Any CPU.ActiveCfg = Release|Any CPU
		{238E10FC-A41D-4142-81FC-3EEA17879CFD}.Release|Any CPU.Build.0 = Release|Any CPU
		{114B2792-3889-4077-8CB1-EE9CECA1D6D9}.Debug|Any CPU.ActiveCfg = Debug|Any CPU
		{114B2792-3889-4077-8CB1-EE9CECA1D6D9}.Debug|Any CPU.Build.0 = Debug|Any CPU
		{114B2792-3889-4077-8CB1-EE9CECA1D6D9}.Release|Any CPU.ActiveCfg = Release|Any CPU
		{114B2792-3889-4077-8CB1-EE9CECA1D6D9}.Release|Any CPU.Build.0 = Release|Any CPU
		{A6560FCC-4FF5-4C35-BF4D-DA527CBBCFA5}.Debug|Any CPU.ActiveCfg = Debug|Any CPU
		{A6560FCC-4FF5-4C35-BF4D-DA527CBBCFA5}.Debug|Any CPU.Build.0 = Debug|Any CPU
		{A6560FCC-4FF5-4C35-BF4D-DA527CBBCFA5}.Release|Any CPU.ActiveCfg = Release|Any CPU
		{A6560FCC-4FF5-4C35-BF4D-DA527CBBCFA5}.Release|Any CPU.Build.0 = Release|Any CPU
		{C75773B9-AF40-429B-8CD6-1B7C19B08FA6}.Debug|Any CPU.ActiveCfg = Debug|Any CPU
		{C75773B9-AF40-429B-8CD6-1B7C19B08FA6}.Debug|Any CPU.Build.0 = Debug|Any CPU
		{C75773B9-AF40-429B-8CD6-1B7C19B08FA6}.Release|Any CPU.ActiveCfg = Release|Any CPU
		{C75773B9-AF40-429B-8CD6-1B7C19B08FA6}.Release|Any CPU.Build.0 = Release|Any CPU
		{85F067F1-76E4-4565-82CC-44B5E31DEB4D}.Debug|Any CPU.ActiveCfg = Debug|Any CPU
		{85F067F1-76E4-4565-82CC-44B5E31DEB4D}.Debug|Any CPU.Build.0 = Debug|Any CPU
		{85F067F1-76E4-4565-82CC-44B5E31DEB4D}.Release|Any CPU.ActiveCfg = Release|Any CPU
		{85F067F1-76E4-4565-82CC-44B5E31DEB4D}.Release|Any CPU.Build.0 = Release|Any CPU
		{1733700C-F191-48FA-8B19-BA4C7078C16B}.Debug|Any CPU.ActiveCfg = Debug|Any CPU
		{1733700C-F191-48FA-8B19-BA4C7078C16B}.Debug|Any CPU.Build.0 = Debug|Any CPU
		{1733700C-F191-48FA-8B19-BA4C7078C16B}.Release|Any CPU.ActiveCfg = Release|Any CPU
		{1733700C-F191-48FA-8B19-BA4C7078C16B}.Release|Any CPU.Build.0 = Release|Any CPU
		{FE6C4E59-9371-42C6-B663-7CC82FD1BD88}.Debug|Any CPU.ActiveCfg = Debug|Any CPU
		{FE6C4E59-9371-42C6-B663-7CC82FD1BD88}.Debug|Any CPU.Build.0 = Debug|Any CPU
		{FE6C4E59-9371-42C6-B663-7CC82FD1BD88}.Release|Any CPU.ActiveCfg = Release|Any CPU
		{FE6C4E59-9371-42C6-B663-7CC82FD1BD88}.Release|Any CPU.Build.0 = Release|Any CPU
		{884E6104-2584-4B69-9DF9-3029D03ACCB8}.Debug|Any CPU.ActiveCfg = Debug|Any CPU
		{884E6104-2584-4B69-9DF9-3029D03ACCB8}.Debug|Any CPU.Build.0 = Debug|Any CPU
		{884E6104-2584-4B69-9DF9-3029D03ACCB8}.Release|Any CPU.ActiveCfg = Release|Any CPU
		{884E6104-2584-4B69-9DF9-3029D03ACCB8}.Release|Any CPU.Build.0 = Release|Any CPU
		{1AC5C27F-C951-4D00-9766-0BCC8DE7361C}.Debug|Any CPU.ActiveCfg = Debug|Any CPU
		{1AC5C27F-C951-4D00-9766-0BCC8DE7361C}.Debug|Any CPU.Build.0 = Debug|Any CPU
		{1AC5C27F-C951-4D00-9766-0BCC8DE7361C}.Release|Any CPU.ActiveCfg = Release|Any CPU
		{1AC5C27F-C951-4D00-9766-0BCC8DE7361C}.Release|Any CPU.Build.0 = Release|Any CPU
		{82F3524D-501D-49F4-94D3-0D280B4D663A}.Debug|Any CPU.ActiveCfg = Debug|Any CPU
		{82F3524D-501D-49F4-94D3-0D280B4D663A}.Debug|Any CPU.Build.0 = Debug|Any CPU
		{82F3524D-501D-49F4-94D3-0D280B4D663A}.Release|Any CPU.ActiveCfg = Release|Any CPU
		{82F3524D-501D-49F4-94D3-0D280B4D663A}.Release|Any CPU.Build.0 = Release|Any CPU
		{70121552-DD7D-4986-AB07-2772E7DDAA7F}.Debug|Any CPU.ActiveCfg = Debug|Any CPU
		{70121552-DD7D-4986-AB07-2772E7DDAA7F}.Debug|Any CPU.Build.0 = Debug|Any CPU
		{70121552-DD7D-4986-AB07-2772E7DDAA7F}.Release|Any CPU.ActiveCfg = Release|Any CPU
		{70121552-DD7D-4986-AB07-2772E7DDAA7F}.Release|Any CPU.Build.0 = Release|Any CPU
		{73133FA0-DE25-450A-8BFF-401E4F3B4D3A}.Debug|Any CPU.ActiveCfg = Debug|Any CPU
		{73133FA0-DE25-450A-8BFF-401E4F3B4D3A}.Debug|Any CPU.Build.0 = Debug|Any CPU
		{73133FA0-DE25-450A-8BFF-401E4F3B4D3A}.Release|Any CPU.ActiveCfg = Release|Any CPU
		{73133FA0-DE25-450A-8BFF-401E4F3B4D3A}.Release|Any CPU.Build.0 = Release|Any CPU
		{6D89FEC6-D26C-4E60-9723-313C98D23F2E}.Debug|Any CPU.ActiveCfg = Debug|Any CPU
		{6D89FEC6-D26C-4E60-9723-313C98D23F2E}.Debug|Any CPU.Build.0 = Debug|Any CPU
		{6D89FEC6-D26C-4E60-9723-313C98D23F2E}.Release|Any CPU.ActiveCfg = Release|Any CPU
		{6D89FEC6-D26C-4E60-9723-313C98D23F2E}.Release|Any CPU.Build.0 = Release|Any CPU
		{BA837830-8CA2-4273-9195-D14D3113FC8C}.Debug|Any CPU.ActiveCfg = Debug|Any CPU
		{BA837830-8CA2-4273-9195-D14D3113FC8C}.Debug|Any CPU.Build.0 = Debug|Any CPU
		{BA837830-8CA2-4273-9195-D14D3113FC8C}.Release|Any CPU.ActiveCfg = Release|Any CPU
		{BA837830-8CA2-4273-9195-D14D3113FC8C}.Release|Any CPU.Build.0 = Release|Any CPU
		{DCE94795-EB78-43FE-B9BF-72DF918538FB}.Debug|Any CPU.ActiveCfg = Debug|Any CPU
		{DCE94795-EB78-43FE-B9BF-72DF918538FB}.Debug|Any CPU.Build.0 = Debug|Any CPU
		{DCE94795-EB78-43FE-B9BF-72DF918538FB}.Release|Any CPU.ActiveCfg = Release|Any CPU
		{DCE94795-EB78-43FE-B9BF-72DF918538FB}.Release|Any CPU.Build.0 = Release|Any CPU
		{029C9603-38B8-44E7-B73F-2CCB814B861D}.Debug|Any CPU.ActiveCfg = Debug|Any CPU
		{029C9603-38B8-44E7-B73F-2CCB814B861D}.Debug|Any CPU.Build.0 = Debug|Any CPU
		{029C9603-38B8-44E7-B73F-2CCB814B861D}.Release|Any CPU.ActiveCfg = Release|Any CPU
		{029C9603-38B8-44E7-B73F-2CCB814B861D}.Release|Any CPU.Build.0 = Release|Any CPU
		{73A8639E-32D9-43B8-AA09-69A9077B1354}.Debug|Any CPU.ActiveCfg = Debug|Any CPU
		{73A8639E-32D9-43B8-AA09-69A9077B1354}.Debug|Any CPU.Build.0 = Debug|Any CPU
		{73A8639E-32D9-43B8-AA09-69A9077B1354}.Release|Any CPU.ActiveCfg = Release|Any CPU
		{73A8639E-32D9-43B8-AA09-69A9077B1354}.Release|Any CPU.Build.0 = Release|Any CPU
		{7756DF0F-775E-4CD0-A291-458ABAC2E000}.Debug|Any CPU.ActiveCfg = Debug|Any CPU
		{7756DF0F-775E-4CD0-A291-458ABAC2E000}.Debug|Any CPU.Build.0 = Debug|Any CPU
		{7756DF0F-775E-4CD0-A291-458ABAC2E000}.Release|Any CPU.ActiveCfg = Release|Any CPU
		{7756DF0F-775E-4CD0-A291-458ABAC2E000}.Release|Any CPU.Build.0 = Release|Any CPU
		{043714D6-7079-45B5-A6D9-872E93A5DE68}.Debug|Any CPU.ActiveCfg = Debug|Any CPU
		{043714D6-7079-45B5-A6D9-872E93A5DE68}.Debug|Any CPU.Build.0 = Debug|Any CPU
		{043714D6-7079-45B5-A6D9-872E93A5DE68}.Release|Any CPU.ActiveCfg = Release|Any CPU
		{043714D6-7079-45B5-A6D9-872E93A5DE68}.Release|Any CPU.Build.0 = Release|Any CPU
		{F8A134CD-DEFC-4B99-9059-1674A1F3529E}.Debug|Any CPU.ActiveCfg = Debug|Any CPU
		{F8A134CD-DEFC-4B99-9059-1674A1F3529E}.Debug|Any CPU.Build.0 = Debug|Any CPU
		{F8A134CD-DEFC-4B99-9059-1674A1F3529E}.Release|Any CPU.ActiveCfg = Release|Any CPU
		{F8A134CD-DEFC-4B99-9059-1674A1F3529E}.Release|Any CPU.Build.0 = Release|Any CPU
		{CCC60DD5-B7B3-48C7-9021-069A80AF363A}.Debug|Any CPU.ActiveCfg = Debug|Any CPU
		{CCC60DD5-B7B3-48C7-9021-069A80AF363A}.Debug|Any CPU.Build.0 = Debug|Any CPU
		{CCC60DD5-B7B3-48C7-9021-069A80AF363A}.Release|Any CPU.ActiveCfg = Release|Any CPU
		{CCC60DD5-B7B3-48C7-9021-069A80AF363A}.Release|Any CPU.Build.0 = Release|Any CPU
		{81D4EE90-E6E7-4D12-923F-23F4459E205D}.Debug|Any CPU.ActiveCfg = Debug|Any CPU
		{81D4EE90-E6E7-4D12-923F-23F4459E205D}.Debug|Any CPU.Build.0 = Debug|Any CPU
		{81D4EE90-E6E7-4D12-923F-23F4459E205D}.Release|Any CPU.ActiveCfg = Release|Any CPU
		{81D4EE90-E6E7-4D12-923F-23F4459E205D}.Release|Any CPU.Build.0 = Release|Any CPU
		{FB2EB6AA-0385-40EA-862F-EDC5A3C7CF4A}.Debug|Any CPU.ActiveCfg = Debug|Any CPU
		{FB2EB6AA-0385-40EA-862F-EDC5A3C7CF4A}.Debug|Any CPU.Build.0 = Debug|Any CPU
		{FB2EB6AA-0385-40EA-862F-EDC5A3C7CF4A}.Release|Any CPU.ActiveCfg = Release|Any CPU
		{FB2EB6AA-0385-40EA-862F-EDC5A3C7CF4A}.Release|Any CPU.Build.0 = Release|Any CPU
		{31BFCDC6-A842-4CEA-8E42-27ECCB629C4F}.Debug|Any CPU.ActiveCfg = Debug|Any CPU
		{31BFCDC6-A842-4CEA-8E42-27ECCB629C4F}.Debug|Any CPU.Build.0 = Debug|Any CPU
		{31BFCDC6-A842-4CEA-8E42-27ECCB629C4F}.Release|Any CPU.ActiveCfg = Release|Any CPU
		{31BFCDC6-A842-4CEA-8E42-27ECCB629C4F}.Release|Any CPU.Build.0 = Release|Any CPU
		{CC408BE8-29BF-42A2-9322-6E3610A93D70}.Debug|Any CPU.ActiveCfg = Debug|Any CPU
		{CC408BE8-29BF-42A2-9322-6E3610A93D70}.Debug|Any CPU.Build.0 = Debug|Any CPU
		{CC408BE8-29BF-42A2-9322-6E3610A93D70}.Release|Any CPU.ActiveCfg = Release|Any CPU
		{CC408BE8-29BF-42A2-9322-6E3610A93D70}.Release|Any CPU.Build.0 = Release|Any CPU
		{C3033D5F-C301-4B90-878D-298EB653756B}.Debug|Any CPU.ActiveCfg = Debug|Any CPU
		{C3033D5F-C301-4B90-878D-298EB653756B}.Debug|Any CPU.Build.0 = Debug|Any CPU
		{C3033D5F-C301-4B90-878D-298EB653756B}.Release|Any CPU.ActiveCfg = Release|Any CPU
		{C3033D5F-C301-4B90-878D-298EB653756B}.Release|Any CPU.Build.0 = Release|Any CPU
		{6127D567-EAD4-4273-979A-11EA4EA4361D}.Debug|Any CPU.ActiveCfg = Debug|Any CPU
		{6127D567-EAD4-4273-979A-11EA4EA4361D}.Debug|Any CPU.Build.0 = Debug|Any CPU
		{6127D567-EAD4-4273-979A-11EA4EA4361D}.Release|Any CPU.ActiveCfg = Release|Any CPU
		{6127D567-EAD4-4273-979A-11EA4EA4361D}.Release|Any CPU.Build.0 = Release|Any CPU
		{8F9361DA-3A54-4CD2-A87F-FCC2DB090678}.Debug|Any CPU.ActiveCfg = Debug|Any CPU
		{8F9361DA-3A54-4CD2-A87F-FCC2DB090678}.Debug|Any CPU.Build.0 = Debug|Any CPU
		{8F9361DA-3A54-4CD2-A87F-FCC2DB090678}.Release|Any CPU.ActiveCfg = Release|Any CPU
		{8F9361DA-3A54-4CD2-A87F-FCC2DB090678}.Release|Any CPU.Build.0 = Release|Any CPU
		{7EC5B3B3-1939-4425-B752-5E67586829C9}.Debug|Any CPU.ActiveCfg = Debug|Any CPU
		{7EC5B3B3-1939-4425-B752-5E67586829C9}.Debug|Any CPU.Build.0 = Debug|Any CPU
		{7EC5B3B3-1939-4425-B752-5E67586829C9}.Release|Any CPU.ActiveCfg = Release|Any CPU
		{7EC5B3B3-1939-4425-B752-5E67586829C9}.Release|Any CPU.Build.0 = Release|Any CPU
		{662D8C1F-308D-44D2-A9C0-2EC25FE90088}.Debug|Any CPU.ActiveCfg = Debug|Any CPU
		{662D8C1F-308D-44D2-A9C0-2EC25FE90088}.Debug|Any CPU.Build.0 = Debug|Any CPU
		{662D8C1F-308D-44D2-A9C0-2EC25FE90088}.Release|Any CPU.ActiveCfg = Release|Any CPU
		{662D8C1F-308D-44D2-A9C0-2EC25FE90088}.Release|Any CPU.Build.0 = Release|Any CPU
		{2388FC94-D492-411C-A54B-D2BB23D9EF55}.Debug|Any CPU.ActiveCfg = Debug|Any CPU
		{2388FC94-D492-411C-A54B-D2BB23D9EF55}.Debug|Any CPU.Build.0 = Debug|Any CPU
		{2388FC94-D492-411C-A54B-D2BB23D9EF55}.Release|Any CPU.ActiveCfg = Release|Any CPU
		{2388FC94-D492-411C-A54B-D2BB23D9EF55}.Release|Any CPU.Build.0 = Release|Any CPU
		{FD171B41-FD54-4183-828B-282A14901C28}.Debug|Any CPU.ActiveCfg = Debug|Any CPU
		{FD171B41-FD54-4183-828B-282A14901C28}.Debug|Any CPU.Build.0 = Debug|Any CPU
		{FD171B41-FD54-4183-828B-282A14901C28}.Release|Any CPU.ActiveCfg = Release|Any CPU
		{FD171B41-FD54-4183-828B-282A14901C28}.Release|Any CPU.Build.0 = Release|Any CPU
		{9FF69FBA-3352-4D6C-8537-07A78457BB2B}.Debug|Any CPU.ActiveCfg = Debug|Any CPU
		{9FF69FBA-3352-4D6C-8537-07A78457BB2B}.Debug|Any CPU.Build.0 = Debug|Any CPU
		{9FF69FBA-3352-4D6C-8537-07A78457BB2B}.Release|Any CPU.ActiveCfg = Release|Any CPU
		{9FF69FBA-3352-4D6C-8537-07A78457BB2B}.Release|Any CPU.Build.0 = Release|Any CPU
		{4229C5E1-D85E-4118-8B82-9B6BE62FFDDF}.Debug|Any CPU.ActiveCfg = Debug|Any CPU
		{4229C5E1-D85E-4118-8B82-9B6BE62FFDDF}.Debug|Any CPU.Build.0 = Debug|Any CPU
		{4229C5E1-D85E-4118-8B82-9B6BE62FFDDF}.Release|Any CPU.ActiveCfg = Release|Any CPU
		{4229C5E1-D85E-4118-8B82-9B6BE62FFDDF}.Release|Any CPU.Build.0 = Release|Any CPU
	EndGlobalSection
	GlobalSection(SolutionProperties) = preSolution
		HideSolutionNode = FALSE
	EndGlobalSection
	GlobalSection(ExtensibilityGlobals) = postSolution
		SolutionGuid = {37E4DD31-1BFF-49DC-BA37-094AE41179BB}
	EndGlobalSection
EndGlobal
